// !$*UTF8*$!
{
	archiveVersion = 1;
	classes = {
	};
	objectVersion = 56;
	objects = {

/* Begin PBXBuildFile section */
		64392E252A5E255400D68B96 /* WelcomeViewController.swift in Sources */ = {isa = PBXBuildFile; fileRef = 64392E242A5E255400D68B96 /* WelcomeViewController.swift */; };
		64392E272A5E25A600D68B96 /* WelcomeViewController.storyboard in Resources */ = {isa = PBXBuildFile; fileRef = 64392E262A5E25A600D68B96 /* WelcomeViewController.storyboard */; };
		64A99B822A5CC15C00773F45 /* AppDelegate.swift in Sources */ = {isa = PBXBuildFile; fileRef = 64A99B812A5CC15C00773F45 /* AppDelegate.swift */; };
		64A99B842A5CC15C00773F45 /* SceneDelegate.swift in Sources */ = {isa = PBXBuildFile; fileRef = 64A99B832A5CC15C00773F45 /* SceneDelegate.swift */; };
		64A99B862A5CC15C00773F45 /* OnboardingViewController.swift in Sources */ = {isa = PBXBuildFile; fileRef = 64A99B852A5CC15C00773F45 /* OnboardingViewController.swift */; };
		64A99B892A5CC15C00773F45 /* Main.storyboard in Resources */ = {isa = PBXBuildFile; fileRef = 64A99B872A5CC15C00773F45 /* Main.storyboard */; };
		64A99B8B2A5CC15D00773F45 /* Assets.xcassets in Resources */ = {isa = PBXBuildFile; fileRef = 64A99B8A2A5CC15D00773F45 /* Assets.xcassets */; };
		64A99B8E2A5CC15D00773F45 /* LaunchScreen.storyboard in Resources */ = {isa = PBXBuildFile; fileRef = 64A99B8C2A5CC15D00773F45 /* LaunchScreen.storyboard */; };
		64A99BB52A5CFC3400773F45 /* OnboardingCollectionViewCell.swift in Sources */ = {isa = PBXBuildFile; fileRef = 64A99BB32A5CFC3400773F45 /* OnboardingCollectionViewCell.swift */; };
		64A99BB62A5CFC3400773F45 /* OnboardingCollectionViewCell.xib in Resources */ = {isa = PBXBuildFile; fileRef = 64A99BB42A5CFC3400773F45 /* OnboardingCollectionViewCell.xib */; };
		64A99BB82A5DA1AD00773F45 /* OnboardingViewModel.swift in Sources */ = {isa = PBXBuildFile; fileRef = 64A99BB72A5DA1AD00773F45 /* OnboardingViewModel.swift */; };
/* End PBXBuildFile section */

/* Begin PBXFileReference section */
		64392E242A5E255400D68B96 /* WelcomeViewController.swift */ = {isa = PBXFileReference; lastKnownFileType = sourcecode.swift; path = WelcomeViewController.swift; sourceTree = "<group>"; };
		64392E262A5E25A600D68B96 /* WelcomeViewController.storyboard */ = {isa = PBXFileReference; lastKnownFileType = file.storyboard; path = WelcomeViewController.storyboard; sourceTree = "<group>"; };
		64A99B7E2A5CC15C00773F45 /* DevJobs.app */ = {isa = PBXFileReference; explicitFileType = wrapper.application; includeInIndex = 0; path = DevJobs.app; sourceTree = BUILT_PRODUCTS_DIR; };
		64A99B812A5CC15C00773F45 /* AppDelegate.swift */ = {isa = PBXFileReference; lastKnownFileType = sourcecode.swift; path = AppDelegate.swift; sourceTree = "<group>"; };
		64A99B832A5CC15C00773F45 /* SceneDelegate.swift */ = {isa = PBXFileReference; lastKnownFileType = sourcecode.swift; path = SceneDelegate.swift; sourceTree = "<group>"; };
		64A99B852A5CC15C00773F45 /* OnboardingViewController.swift */ = {isa = PBXFileReference; lastKnownFileType = sourcecode.swift; path = OnboardingViewController.swift; sourceTree = "<group>"; };
		64A99B882A5CC15C00773F45 /* Base */ = {isa = PBXFileReference; lastKnownFileType = file.storyboard; name = Base; path = Base.lproj/Main.storyboard; sourceTree = "<group>"; };
		64A99B8A2A5CC15D00773F45 /* Assets.xcassets */ = {isa = PBXFileReference; lastKnownFileType = folder.assetcatalog; path = Assets.xcassets; sourceTree = "<group>"; };
		64A99B8D2A5CC15D00773F45 /* Base */ = {isa = PBXFileReference; lastKnownFileType = file.storyboard; name = Base; path = Base.lproj/LaunchScreen.storyboard; sourceTree = "<group>"; };
		64A99B8F2A5CC15D00773F45 /* Info.plist */ = {isa = PBXFileReference; lastKnownFileType = text.plist.xml; name = Info.plist; path = DevJobs/Info.plist; sourceTree = SOURCE_ROOT; };
		64A99BB32A5CFC3400773F45 /* OnboardingCollectionViewCell.swift */ = {isa = PBXFileReference; lastKnownFileType = sourcecode.swift; path = OnboardingCollectionViewCell.swift; sourceTree = "<group>"; };
		64A99BB42A5CFC3400773F45 /* OnboardingCollectionViewCell.xib */ = {isa = PBXFileReference; lastKnownFileType = file.xib; path = OnboardingCollectionViewCell.xib; sourceTree = "<group>"; };
		64A99BB72A5DA1AD00773F45 /* OnboardingViewModel.swift */ = {isa = PBXFileReference; lastKnownFileType = sourcecode.swift; path = OnboardingViewModel.swift; sourceTree = "<group>"; };
/* End PBXFileReference section */

/* Begin PBXFrameworksBuildPhase section */
		64A99B7B2A5CC15C00773F45 /* Frameworks */ = {
			isa = PBXFrameworksBuildPhase;
			buildActionMask = 2147483647;
			files = (
			);
			runOnlyForDeploymentPostprocessing = 0;
		};
/* End PBXFrameworksBuildPhase section */

/* Begin PBXGroup section */
		64392E1E2A5E23F600D68B96 /* Welcome */ = {
			isa = PBXGroup;
			children = (
				64392E212A5E248900D68B96 /* ViewModel */,
				64392E202A5E248000D68B96 /* ViewController */,
				64392E1F2A5E247B00D68B96 /* View */,
			);
			path = Welcome;
			sourceTree = "<group>";
		};
		64392E1F2A5E247B00D68B96 /* View */ = {
			isa = PBXGroup;
			children = (
				64392E262A5E25A600D68B96 /* WelcomeViewController.storyboard */,
			);
			path = View;
			sourceTree = "<group>";
		};
		64392E202A5E248000D68B96 /* ViewController */ = {
			isa = PBXGroup;
			children = (
				64392E242A5E255400D68B96 /* WelcomeViewController.swift */,
			);
			path = ViewController;
			sourceTree = "<group>";
		};
		64392E212A5E248900D68B96 /* ViewModel */ = {
			isa = PBXGroup;
			children = (
			);
			path = ViewModel;
			sourceTree = "<group>";
		};
		64A99B752A5CC15C00773F45 = {
			isa = PBXGroup;
			children = (
				64A99B802A5CC15C00773F45 /* DevJobs */,
				64A99B7F2A5CC15C00773F45 /* Products */,
			);
			sourceTree = "<group>";
		};
		64A99B7F2A5CC15C00773F45 /* Products */ = {
			isa = PBXGroup;
			children = (
				64A99B7E2A5CC15C00773F45 /* DevJobs.app */,
			);
			name = Products;
			sourceTree = "<group>";
		};
		64A99B802A5CC15C00773F45 /* DevJobs */ = {
			isa = PBXGroup;
			children = (
				64392E1E2A5E23F600D68B96 /* Welcome */,
				64A99BA22A5CC6EB00773F45 /* Onboarding */,
				64A99BA62A5CC76700773F45 /* App */,
				64A99B8F2A5CC15D00773F45 /* Info.plist */,
			);
			path = DevJobs;
			sourceTree = "<group>";
		};
		64A99BA22A5CC6EB00773F45 /* Onboarding */ = {
			isa = PBXGroup;
			children = (
				64A99BB22A5CFC1C00773F45 /* Cell */,
				64A99BA52A5CC6FE00773F45 /* ViewModel */,
				64A99BA42A5CC6F700773F45 /* ViewController */,
				64A99BA32A5CC6F000773F45 /* View */,
			);
			path = Onboarding;
			sourceTree = "<group>";
		};
		64A99BA32A5CC6F000773F45 /* View */ = {
			isa = PBXGroup;
			children = (
				64A99B872A5CC15C00773F45 /* Main.storyboard */,
			);
			path = View;
			sourceTree = "<group>";
		};
		64A99BA42A5CC6F700773F45 /* ViewController */ = {
			isa = PBXGroup;
			children = (
				64A99B852A5CC15C00773F45 /* OnboardingViewController.swift */,
			);
			path = ViewController;
			sourceTree = "<group>";
		};
		64A99BA52A5CC6FE00773F45 /* ViewModel */ = {
			isa = PBXGroup;
			children = (
				64A99BB72A5DA1AD00773F45 /* OnboardingViewModel.swift */,
			);
			path = ViewModel;
			sourceTree = "<group>";
		};
		64A99BA62A5CC76700773F45 /* App */ = {
			isa = PBXGroup;
			children = (
				64A99B812A5CC15C00773F45 /* AppDelegate.swift */,
				64A99B832A5CC15C00773F45 /* SceneDelegate.swift */,
				64A99B8A2A5CC15D00773F45 /* Assets.xcassets */,
				64A99B8C2A5CC15D00773F45 /* LaunchScreen.storyboard */,
			);
			path = App;
			sourceTree = "<group>";
		};
		64A99BB22A5CFC1C00773F45 /* Cell */ = {
			isa = PBXGroup;
			children = (
				64A99BB32A5CFC3400773F45 /* OnboardingCollectionViewCell.swift */,
				64A99BB42A5CFC3400773F45 /* OnboardingCollectionViewCell.xib */,
			);
			path = Cell;
			sourceTree = "<group>";
		};
/* End PBXGroup section */

/* Begin PBXNativeTarget section */
		64A99B7D2A5CC15C00773F45 /* DevJobs */ = {
			isa = PBXNativeTarget;
			buildConfigurationList = 64A99B922A5CC15D00773F45 /* Build configuration list for PBXNativeTarget "DevJobs" */;
			buildPhases = (
				64A99B7A2A5CC15C00773F45 /* Sources */,
				64A99B7B2A5CC15C00773F45 /* Frameworks */,
				64A99B7C2A5CC15C00773F45 /* Resources */,
			);
			buildRules = (
			);
			dependencies = (
			);
			name = DevJobs;
			productName = DevJobs;
			productReference = 64A99B7E2A5CC15C00773F45 /* DevJobs.app */;
			productType = "com.apple.product-type.application";
		};
/* End PBXNativeTarget section */

/* Begin PBXProject section */
		64A99B762A5CC15C00773F45 /* Project object */ = {
			isa = PBXProject;
			attributes = {
				BuildIndependentTargetsInParallel = 1;
				LastSwiftUpdateCheck = 1430;
				LastUpgradeCheck = 1430;
				TargetAttributes = {
					64A99B7D2A5CC15C00773F45 = {
						CreatedOnToolsVersion = 14.3.1;
					};
				};
			};
			buildConfigurationList = 64A99B792A5CC15C00773F45 /* Build configuration list for PBXProject "DevJobs" */;
			compatibilityVersion = "Xcode 14.0";
			developmentRegion = en;
			hasScannedForEncodings = 0;
			knownRegions = (
				en,
				Base,
			);
			mainGroup = 64A99B752A5CC15C00773F45;
			productRefGroup = 64A99B7F2A5CC15C00773F45 /* Products */;
			projectDirPath = "";
			projectRoot = "";
			targets = (
				64A99B7D2A5CC15C00773F45 /* DevJobs */,
			);
		};
/* End PBXProject section */

/* Begin PBXResourcesBuildPhase section */
		64A99B7C2A5CC15C00773F45 /* Resources */ = {
			isa = PBXResourcesBuildPhase;
			buildActionMask = 2147483647;
			files = (
				64392E272A5E25A600D68B96 /* WelcomeViewController.storyboard in Resources */,
				64A99B8E2A5CC15D00773F45 /* LaunchScreen.storyboard in Resources */,
				64A99B8B2A5CC15D00773F45 /* Assets.xcassets in Resources */,
				64A99BB62A5CFC3400773F45 /* OnboardingCollectionViewCell.xib in Resources */,
				64A99B892A5CC15C00773F45 /* Main.storyboard in Resources */,
			);
			runOnlyForDeploymentPostprocessing = 0;
		};
/* End PBXResourcesBuildPhase section */

/* Begin PBXSourcesBuildPhase section */
		64A99B7A2A5CC15C00773F45 /* Sources */ = {
			isa = PBXSourcesBuildPhase;
			buildActionMask = 2147483647;
			files = (
				64A99BB82A5DA1AD00773F45 /* OnboardingViewModel.swift in Sources */,
				64A99B862A5CC15C00773F45 /* OnboardingViewController.swift in Sources */,
				64A99B822A5CC15C00773F45 /* AppDelegate.swift in Sources */,
				64392E252A5E255400D68B96 /* WelcomeViewController.swift in Sources */,
				64A99B842A5CC15C00773F45 /* SceneDelegate.swift in Sources */,
				64A99BB52A5CFC3400773F45 /* OnboardingCollectionViewCell.swift in Sources */,
			);
			runOnlyForDeploymentPostprocessing = 0;
		};
/* End PBXSourcesBuildPhase section */

/* Begin PBXVariantGroup section */
		64A99B872A5CC15C00773F45 /* Main.storyboard */ = {
			isa = PBXVariantGroup;
			children = (
				64A99B882A5CC15C00773F45 /* Base */,
			);
			name = Main.storyboard;
			sourceTree = "<group>";
		};
		64A99B8C2A5CC15D00773F45 /* LaunchScreen.storyboard */ = {
			isa = PBXVariantGroup;
			children = (
				64A99B8D2A5CC15D00773F45 /* Base */,
			);
			name = LaunchScreen.storyboard;
			sourceTree = "<group>";
		};
/* End PBXVariantGroup section */

/* Begin XCBuildConfiguration section */
		64A99B902A5CC15D00773F45 /* Debug */ = {
			isa = XCBuildConfiguration;
			buildSettings = {
				ALWAYS_SEARCH_USER_PATHS = NO;
				CLANG_ANALYZER_NONNULL = YES;
				CLANG_ANALYZER_NUMBER_OBJECT_CONVERSION = YES_AGGRESSIVE;
				CLANG_CXX_LANGUAGE_STANDARD = "gnu++20";
				CLANG_ENABLE_MODULES = YES;
				CLANG_ENABLE_OBJC_ARC = YES;
				CLANG_ENABLE_OBJC_WEAK = YES;
				CLANG_WARN_BLOCK_CAPTURE_AUTORELEASING = YES;
				CLANG_WARN_BOOL_CONVERSION = YES;
				CLANG_WARN_COMMA = YES;
				CLANG_WARN_CONSTANT_CONVERSION = YES;
				CLANG_WARN_DEPRECATED_OBJC_IMPLEMENTATIONS = YES;
				CLANG_WARN_DIRECT_OBJC_ISA_USAGE = YES_ERROR;
				CLANG_WARN_DOCUMENTATION_COMMENTS = YES;
				CLANG_WARN_EMPTY_BODY = YES;
				CLANG_WARN_ENUM_CONVERSION = YES;
				CLANG_WARN_INFINITE_RECURSION = YES;
				CLANG_WARN_INT_CONVERSION = YES;
				CLANG_WARN_NON_LITERAL_NULL_CONVERSION = YES;
				CLANG_WARN_OBJC_IMPLICIT_RETAIN_SELF = YES;
				CLANG_WARN_OBJC_LITERAL_CONVERSION = YES;
				CLANG_WARN_OBJC_ROOT_CLASS = YES_ERROR;
				CLANG_WARN_QUOTED_INCLUDE_IN_FRAMEWORK_HEADER = YES;
				CLANG_WARN_RANGE_LOOP_ANALYSIS = YES;
				CLANG_WARN_STRICT_PROTOTYPES = YES;
				CLANG_WARN_SUSPICIOUS_MOVE = YES;
				CLANG_WARN_UNGUARDED_AVAILABILITY = YES_AGGRESSIVE;
				CLANG_WARN_UNREACHABLE_CODE = YES;
				CLANG_WARN__DUPLICATE_METHOD_MATCH = YES;
				COPY_PHASE_STRIP = NO;
				DEBUG_INFORMATION_FORMAT = dwarf;
				ENABLE_STRICT_OBJC_MSGSEND = YES;
				ENABLE_TESTABILITY = YES;
				GCC_C_LANGUAGE_STANDARD = gnu11;
				GCC_DYNAMIC_NO_PIC = NO;
				GCC_NO_COMMON_BLOCKS = YES;
				GCC_OPTIMIZATION_LEVEL = 0;
				GCC_PREPROCESSOR_DEFINITIONS = (
					"DEBUG=1",
					"$(inherited)",
				);
				GCC_WARN_64_TO_32_BIT_CONVERSION = YES;
				GCC_WARN_ABOUT_RETURN_TYPE = YES_ERROR;
				GCC_WARN_UNDECLARED_SELECTOR = YES;
				GCC_WARN_UNINITIALIZED_AUTOS = YES_AGGRESSIVE;
				GCC_WARN_UNUSED_FUNCTION = YES;
				GCC_WARN_UNUSED_VARIABLE = YES;
				INFOPLIST_FILE = DevJobs/App/Info.plist;
				IPHONEOS_DEPLOYMENT_TARGET = 16.4;
				MTL_ENABLE_DEBUG_INFO = INCLUDE_SOURCE;
				MTL_FAST_MATH = YES;
				ONLY_ACTIVE_ARCH = YES;
				SDKROOT = iphoneos;
				SWIFT_ACTIVE_COMPILATION_CONDITIONS = DEBUG;
				SWIFT_OPTIMIZATION_LEVEL = "-Onone";
			};
			name = Debug;
		};
		64A99B912A5CC15D00773F45 /* Release */ = {
			isa = XCBuildConfiguration;
			buildSettings = {
				ALWAYS_SEARCH_USER_PATHS = NO;
				CLANG_ANALYZER_NONNULL = YES;
				CLANG_ANALYZER_NUMBER_OBJECT_CONVERSION = YES_AGGRESSIVE;
				CLANG_CXX_LANGUAGE_STANDARD = "gnu++20";
				CLANG_ENABLE_MODULES = YES;
				CLANG_ENABLE_OBJC_ARC = YES;
				CLANG_ENABLE_OBJC_WEAK = YES;
				CLANG_WARN_BLOCK_CAPTURE_AUTORELEASING = YES;
				CLANG_WARN_BOOL_CONVERSION = YES;
				CLANG_WARN_COMMA = YES;
				CLANG_WARN_CONSTANT_CONVERSION = YES;
				CLANG_WARN_DEPRECATED_OBJC_IMPLEMENTATIONS = YES;
				CLANG_WARN_DIRECT_OBJC_ISA_USAGE = YES_ERROR;
				CLANG_WARN_DOCUMENTATION_COMMENTS = YES;
				CLANG_WARN_EMPTY_BODY = YES;
				CLANG_WARN_ENUM_CONVERSION = YES;
				CLANG_WARN_INFINITE_RECURSION = YES;
				CLANG_WARN_INT_CONVERSION = YES;
				CLANG_WARN_NON_LITERAL_NULL_CONVERSION = YES;
				CLANG_WARN_OBJC_IMPLICIT_RETAIN_SELF = YES;
				CLANG_WARN_OBJC_LITERAL_CONVERSION = YES;
				CLANG_WARN_OBJC_ROOT_CLASS = YES_ERROR;
				CLANG_WARN_QUOTED_INCLUDE_IN_FRAMEWORK_HEADER = YES;
				CLANG_WARN_RANGE_LOOP_ANALYSIS = YES;
				CLANG_WARN_STRICT_PROTOTYPES = YES;
				CLANG_WARN_SUSPICIOUS_MOVE = YES;
				CLANG_WARN_UNGUARDED_AVAILABILITY = YES_AGGRESSIVE;
				CLANG_WARN_UNREACHABLE_CODE = YES;
				CLANG_WARN__DUPLICATE_METHOD_MATCH = YES;
				COPY_PHASE_STRIP = NO;
				DEBUG_INFORMATION_FORMAT = "dwarf-with-dsym";
				ENABLE_NS_ASSERTIONS = NO;
				ENABLE_STRICT_OBJC_MSGSEND = YES;
				GCC_C_LANGUAGE_STANDARD = gnu11;
				GCC_NO_COMMON_BLOCKS = YES;
				GCC_WARN_64_TO_32_BIT_CONVERSION = YES;
				GCC_WARN_ABOUT_RETURN_TYPE = YES_ERROR;
				GCC_WARN_UNDECLARED_SELECTOR = YES;
				GCC_WARN_UNINITIALIZED_AUTOS = YES_AGGRESSIVE;
				GCC_WARN_UNUSED_FUNCTION = YES;
				GCC_WARN_UNUSED_VARIABLE = YES;
				INFOPLIST_FILE = DevJobs/App/Info.plist;
				IPHONEOS_DEPLOYMENT_TARGET = 16.4;
				MTL_ENABLE_DEBUG_INFO = NO;
				MTL_FAST_MATH = YES;
				SDKROOT = iphoneos;
				SWIFT_COMPILATION_MODE = wholemodule;
				SWIFT_OPTIMIZATION_LEVEL = "-O";
				VALIDATE_PRODUCT = YES;
			};
			name = Release;
		};
		64A99B932A5CC15D00773F45 /* Debug */ = {
			isa = XCBuildConfiguration;
			buildSettings = {
				ASSETCATALOG_COMPILER_APPICON_NAME = AppIcon;
				ASSETCATALOG_COMPILER_GLOBAL_ACCENT_COLOR_NAME = AccentColor;
				CODE_SIGN_STYLE = Automatic;
				CURRENT_PROJECT_VERSION = 1;
				DEVELOPMENT_TEAM = VM23EZY4K2;
				GENERATE_INFOPLIST_FILE = YES;
				INFOPLIST_FILE = DevJobs/Info.plist;
				INFOPLIST_KEY_UIApplicationSupportsIndirectInputEvents = YES;
				INFOPLIST_KEY_UILaunchStoryboardName = LaunchScreen;
				INFOPLIST_KEY_UIMainStoryboardFile = Main;
				INFOPLIST_KEY_UISupportedInterfaceOrientations = UIInterfaceOrientationPortrait;
				INFOPLIST_KEY_UISupportedInterfaceOrientations_iPad = "UIInterfaceOrientationLandscapeLeft UIInterfaceOrientationLandscapeRight UIInterfaceOrientationPortrait UIInterfaceOrientationPortraitUpsideDown";
				LD_RUNPATH_SEARCH_PATHS = (
					"$(inherited)",
					"@executable_path/Frameworks",
				);
				MARKETING_VERSION = 1.0;
				PRODUCT_BUNDLE_IDENTIFIER = gomeszx.DevJobs;
				PRODUCT_NAME = "$(TARGET_NAME)";
				SUPPORTED_PLATFORMS = "iphoneos iphonesimulator";
				SUPPORTS_MACCATALYST = NO;
				SUPPORTS_MAC_DESIGNED_FOR_IPHONE_IPAD = NO;
				SWIFT_EMIT_LOC_STRINGS = YES;
				SWIFT_VERSION = 5.0;
				TARGETED_DEVICE_FAMILY = 1;
			};
			name = Debug;
		};
		64A99B942A5CC15D00773F45 /* Release */ = {
			isa = XCBuildConfiguration;
			buildSettings = {
				ASSETCATALOG_COMPILER_APPICON_NAME = AppIcon;
				ASSETCATALOG_COMPILER_GLOBAL_ACCENT_COLOR_NAME = AccentColor;
				CODE_SIGN_STYLE = Automatic;
				CURRENT_PROJECT_VERSION = 1;
				DEVELOPMENT_TEAM = VM23EZY4K2;
				GENERATE_INFOPLIST_FILE = YES;
				INFOPLIST_FILE = DevJobs/Info.plist;
				INFOPLIST_KEY_UIApplicationSupportsIndirectInputEvents = YES;
				INFOPLIST_KEY_UILaunchStoryboardName = LaunchScreen;
				INFOPLIST_KEY_UIMainStoryboardFile = Main;
				INFOPLIST_KEY_UISupportedInterfaceOrientations = UIInterfaceOrientationPortrait;
				INFOPLIST_KEY_UISupportedInterfaceOrientations_iPad = "UIInterfaceOrientationLandscapeLeft UIInterfaceOrientationLandscapeRight UIInterfaceOrientationPortrait UIInterfaceOrientationPortraitUpsideDown";
				LD_RUNPATH_SEARCH_PATHS = (
					"$(inherited)",
					"@executable_path/Frameworks",
				);
				MARKETING_VERSION = 1.0;
				PRODUCT_BUNDLE_IDENTIFIER = gomeszx.DevJobs;
				PRODUCT_NAME = "$(TARGET_NAME)";
				SUPPORTED_PLATFORMS = "iphoneos iphonesimulator";
				SUPPORTS_MACCATALYST = NO;
				SUPPORTS_MAC_DESIGNED_FOR_IPHONE_IPAD = NO;
				SWIFT_EMIT_LOC_STRINGS = YES;
				SWIFT_VERSION = 5.0;
				TARGETED_DEVICE_FAMILY = 1;
			};
			name = Release;
		};
/* End XCBuildConfiguration section */

/* Begin XCConfigurationList section */
		64A99B792A5CC15C00773F45 /* Build configuration list for PBXProject "DevJobs" */ = {
			isa = XCConfigurationList;
			buildConfigurations = (
				64A99B902A5CC15D00773F45 /* Debug */,
				64A99B912A5CC15D00773F45 /* Release */,
			);
			defaultConfigurationIsVisible = 0;
			defaultConfigurationName = Release;
		};
		64A99B922A5CC15D00773F45 /* Build configuration list for PBXNativeTarget "DevJobs" */ = {
			isa = XCConfigurationList;
			buildConfigurations = (
				64A99B932A5CC15D00773F45 /* Debug */,
				64A99B942A5CC15D00773F45 /* Release */,
			);
			defaultConfigurationIsVisible = 0;
			defaultConfigurationName = Release;
		};
/* End XCConfigurationList section */
	};
	rootObject = 64A99B762A5CC15C00773F45 /* Project object */;
}
